// !$*UTF8*$!
{
	archiveVersion = 1;
	classes = {
	};
	objectVersion = 50;
	objects = {

/* Begin PBXBuildFile section */
		27379D6F24801723001B01F7 /* Assets.xcassets in Resources */ = {isa = PBXBuildFile; fileRef = 27379D6E24801723001B01F7 /* Assets.xcassets */; };
		27379D7224801723001B01F7 /* Preview Assets.xcassets in Resources */ = {isa = PBXBuildFile; fileRef = 27379D7124801723001B01F7 /* Preview Assets.xcassets */; };
		27379D872480179A001B01F7 /* Station Manager.swift in Sources */ = {isa = PBXBuildFile; fileRef = 27379D7C24801798001B01F7 /* Station Manager.swift */; };
		27379D882480179A001B01F7 /* Departure View.swift in Sources */ = {isa = PBXBuildFile; fileRef = 27379D7D24801798001B01F7 /* Departure View.swift */; };
		27379D892480179A001B01F7 /* Station.swift in Sources */ = {isa = PBXBuildFile; fileRef = 27379D7E24801798001B01F7 /* Station.swift */; };
		27379D8A2480179A001B01F7 /* Type.swift in Sources */ = {isa = PBXBuildFile; fileRef = 27379D7F24801798001B01F7 /* Type.swift */; };
		27379D8B2480179A001B01F7 /* Departure.swift in Sources */ = {isa = PBXBuildFile; fileRef = 27379D8024801799001B01F7 /* Departure.swift */; };
		27379D8D2480179A001B01F7 /* Departures View.swift in Sources */ = {isa = PBXBuildFile; fileRef = 27379D8224801799001B01F7 /* Departures View.swift */; };
		27379D902480179A001B01F7 /* Main.swift in Sources */ = {isa = PBXBuildFile; fileRef = 27379D852480179A001B01F7 /* Main.swift */; };
		27379D9824803E9C001B01F7 /* CoreLocation.framework in Frameworks */ = {isa = PBXBuildFile; fileRef = 27379D9724803E9C001B01F7 /* CoreLocation.framework */; };
		27379D9E2480474F001B01F7 /* Localizable.strings in Resources */ = {isa = PBXBuildFile; fileRef = 27379DA02480474F001B01F7 /* Localizable.strings */; };
		27641364248074A600C0D2C0 /* InfoPlist.strings in Resources */ = {isa = PBXBuildFile; fileRef = 27641366248074A600C0D2C0 /* InfoPlist.strings */; };
/* End PBXBuildFile section */

/* Begin PBXFileReference section */
		27379D6524801721001B01F7 /* Abfahrten.app */ = {isa = PBXFileReference; explicitFileType = wrapper.application; includeInIndex = 0; path = Abfahrten.app; sourceTree = BUILT_PRODUCTS_DIR; };
		27379D6E24801723001B01F7 /* Assets.xcassets */ = {isa = PBXFileReference; lastKnownFileType = folder.assetcatalog; path = Assets.xcassets; sourceTree = "<group>"; };
		27379D7124801723001B01F7 /* Preview Assets.xcassets */ = {isa = PBXFileReference; lastKnownFileType = folder.assetcatalog; path = "Preview Assets.xcassets"; sourceTree = "<group>"; };
		27379D7624801723001B01F7 /* Info.plist */ = {isa = PBXFileReference; lastKnownFileType = text.plist.xml; path = Info.plist; sourceTree = "<group>"; };
		27379D7C24801798001B01F7 /* Station Manager.swift */ = {isa = PBXFileReference; fileEncoding = 4; lastKnownFileType = sourcecode.swift; path = "Station Manager.swift"; sourceTree = "<group>"; };
		27379D7D24801798001B01F7 /* Departure View.swift */ = {isa = PBXFileReference; fileEncoding = 4; lastKnownFileType = sourcecode.swift; path = "Departure View.swift"; sourceTree = "<group>"; };
		27379D7E24801798001B01F7 /* Station.swift */ = {isa = PBXFileReference; fileEncoding = 4; lastKnownFileType = sourcecode.swift; path = Station.swift; sourceTree = "<group>"; };
		27379D7F24801798001B01F7 /* Type.swift */ = {isa = PBXFileReference; fileEncoding = 4; lastKnownFileType = sourcecode.swift; path = Type.swift; sourceTree = "<group>"; };
		27379D8024801799001B01F7 /* Departure.swift */ = {isa = PBXFileReference; fileEncoding = 4; lastKnownFileType = sourcecode.swift; path = Departure.swift; sourceTree = "<group>"; };
		27379D8224801799001B01F7 /* Departures View.swift */ = {isa = PBXFileReference; fileEncoding = 4; lastKnownFileType = sourcecode.swift; path = "Departures View.swift"; sourceTree = "<group>"; };
		27379D852480179A001B01F7 /* Main.swift */ = {isa = PBXFileReference; fileEncoding = 4; lastKnownFileType = sourcecode.swift; path = Main.swift; sourceTree = "<group>"; };
		27379D95248017BE001B01F7 /* Launch.storyboard */ = {isa = PBXFileReference; lastKnownFileType = file.storyboard; path = Launch.storyboard; sourceTree = "<group>"; };
		27379D9724803E9C001B01F7 /* CoreLocation.framework */ = {isa = PBXFileReference; lastKnownFileType = wrapper.framework; name = CoreLocation.framework; path = System/Library/Frameworks/CoreLocation.framework; sourceTree = SDKROOT; };
		27379D9F2480474F001B01F7 /* en */ = {isa = PBXFileReference; lastKnownFileType = text.plist.strings; name = en; path = en.lproj/Localizable.strings; sourceTree = "<group>"; };
		27379DA124804750001B01F7 /* de */ = {isa = PBXFileReference; lastKnownFileType = text.plist.strings; name = de; path = de.lproj/Localizable.strings; sourceTree = "<group>"; };
		27641365248074A600C0D2C0 /* en */ = {isa = PBXFileReference; lastKnownFileType = text.plist.strings; name = en; path = en.lproj/InfoPlist.strings; sourceTree = "<group>"; };
		27641367248074A900C0D2C0 /* de */ = {isa = PBXFileReference; lastKnownFileType = text.plist.strings; name = de; path = de.lproj/InfoPlist.strings; sourceTree = "<group>"; };
/* End PBXFileReference section */

/* Begin PBXFrameworksBuildPhase section */
		27379D6224801721001B01F7 /* Frameworks */ = {
			isa = PBXFrameworksBuildPhase;
			buildActionMask = 2147483647;
			files = (
				27379D9824803E9C001B01F7 /* CoreLocation.framework in Frameworks */,
			);
			runOnlyForDeploymentPostprocessing = 0;
		};
/* End PBXFrameworksBuildPhase section */

/* Begin PBXGroup section */
		27379D5C24801721001B01F7 = {
			isa = PBXGroup;
			children = (
				27379D6724801721001B01F7 /* Abfahrten */,
				27379D6624801721001B01F7 /* Products */,
				27379D9624803E9C001B01F7 /* Frameworks */,
			);
			sourceTree = "<group>";
		};
		27379D6624801721001B01F7 /* Products */ = {
			isa = PBXGroup;
			children = (
				27379D6524801721001B01F7 /* Abfahrten.app */,
			);
			name = Products;
			sourceTree = "<group>";
		};
		27379D6724801721001B01F7 /* Abfahrten */ = {
			isa = PBXGroup;
			children = (
				27379D852480179A001B01F7 /* Main.swift */,
				27379D8224801799001B01F7 /* Departures View.swift */,
				27379D7D24801798001B01F7 /* Departure View.swift */,
				27379D7C24801798001B01F7 /* Station Manager.swift */,
				27379D7E24801798001B01F7 /* Station.swift */,
				27379D8024801799001B01F7 /* Departure.swift */,
				27379D7F24801798001B01F7 /* Type.swift */,
				27379DA02480474F001B01F7 /* Localizable.strings */,
				27379D6E24801723001B01F7 /* Assets.xcassets */,
				27379D95248017BE001B01F7 /* Launch.storyboard */,
				27379D7624801723001B01F7 /* Info.plist */,
				27641366248074A600C0D2C0 /* InfoPlist.strings */,
				27379D7024801723001B01F7 /* Preview Content */,
			);
			path = Abfahrten;
			sourceTree = "<group>";
		};
		27379D7024801723001B01F7 /* Preview Content */ = {
			isa = PBXGroup;
			children = (
				27379D7124801723001B01F7 /* Preview Assets.xcassets */,
			);
			path = "Preview Content";
			sourceTree = "<group>";
		};
		27379D9624803E9C001B01F7 /* Frameworks */ = {
			isa = PBXGroup;
			children = (
				27379D9724803E9C001B01F7 /* CoreLocation.framework */,
			);
			name = Frameworks;
			sourceTree = "<group>";
		};
/* End PBXGroup section */

/* Begin PBXNativeTarget section */
		27379D6424801721001B01F7 /* Abfahrten */ = {
			isa = PBXNativeTarget;
			buildConfigurationList = 27379D7924801723001B01F7 /* Build configuration list for PBXNativeTarget "Abfahrten" */;
			buildPhases = (
				27379D6124801721001B01F7 /* Sources */,
				27379D6224801721001B01F7 /* Frameworks */,
				27379D6324801721001B01F7 /* Resources */,
			);
			buildRules = (
			);
			dependencies = (
			);
			name = Abfahrten;
			productName = Abfahrten;
			productReference = 27379D6524801721001B01F7 /* Abfahrten.app */;
			productType = "com.apple.product-type.application";
		};
/* End PBXNativeTarget section */

/* Begin PBXProject section */
		27379D5D24801721001B01F7 /* Project object */ = {
			isa = PBXProject;
			attributes = {
				LastSwiftUpdateCheck = 1150;
				LastUpgradeCheck = 1200;
				ORGANIZATIONNAME = "Yannik Bloscheck";
				TargetAttributes = {
					27379D6424801721001B01F7 = {
						CreatedOnToolsVersion = 11.5;
					};
				};
			};
			buildConfigurationList = 27379D6024801721001B01F7 /* Build configuration list for PBXProject "Abfahrten" */;
			compatibilityVersion = "Xcode 9.3";
			developmentRegion = en;
			hasScannedForEncodings = 0;
			knownRegions = (
				en,
				Base,
				de,
			);
			mainGroup = 27379D5C24801721001B01F7;
			productRefGroup = 27379D6624801721001B01F7 /* Products */;
			projectDirPath = "";
			projectRoot = "";
			targets = (
				27379D6424801721001B01F7 /* Abfahrten */,
			);
		};
/* End PBXProject section */

/* Begin PBXResourcesBuildPhase section */
		27379D6324801721001B01F7 /* Resources */ = {
			isa = PBXResourcesBuildPhase;
			buildActionMask = 2147483647;
			files = (
				27379D7224801723001B01F7 /* Preview Assets.xcassets in Resources */,
				27641364248074A600C0D2C0 /* InfoPlist.strings in Resources */,
				27379D9E2480474F001B01F7 /* Localizable.strings in Resources */,
				27379D6F24801723001B01F7 /* Assets.xcassets in Resources */,
			);
			runOnlyForDeploymentPostprocessing = 0;
		};
/* End PBXResourcesBuildPhase section */

/* Begin PBXSourcesBuildPhase section */
		27379D6124801721001B01F7 /* Sources */ = {
			isa = PBXSourcesBuildPhase;
			buildActionMask = 2147483647;
			files = (
				27379D872480179A001B01F7 /* Station Manager.swift in Sources */,
				27379D8D2480179A001B01F7 /* Departures View.swift in Sources */,
				27379D902480179A001B01F7 /* Main.swift in Sources */,
				27379D8A2480179A001B01F7 /* Type.swift in Sources */,
				27379D892480179A001B01F7 /* Station.swift in Sources */,
				27379D8B2480179A001B01F7 /* Departure.swift in Sources */,
				27379D882480179A001B01F7 /* Departure View.swift in Sources */,
			);
			runOnlyForDeploymentPostprocessing = 0;
		};
/* End PBXSourcesBuildPhase section */

/* Begin PBXVariantGroup section */
		27379DA02480474F001B01F7 /* Localizable.strings */ = {
			isa = PBXVariantGroup;
			children = (
				27379D9F2480474F001B01F7 /* en */,
				27379DA124804750001B01F7 /* de */,
			);
			name = Localizable.strings;
			sourceTree = "<group>";
		};
		27641366248074A600C0D2C0 /* InfoPlist.strings */ = {
			isa = PBXVariantGroup;
			children = (
				27641365248074A600C0D2C0 /* en */,
				27641367248074A900C0D2C0 /* de */,
			);
			name = InfoPlist.strings;
			sourceTree = "<group>";
		};
/* End PBXVariantGroup section */

/* Begin XCBuildConfiguration section */
		27379D7724801723001B01F7 /* Debug */ = {
			isa = XCBuildConfiguration;
			buildSettings = {
				ALWAYS_SEARCH_USER_PATHS = NO;
				CLANG_ANALYZER_LOCALIZABILITY_NONLOCALIZED = YES;
				CLANG_ANALYZER_NONNULL = YES;
				CLANG_ANALYZER_NUMBER_OBJECT_CONVERSION = YES_AGGRESSIVE;
				CLANG_CXX_LANGUAGE_STANDARD = "gnu++14";
				CLANG_CXX_LIBRARY = "libc++";
				CLANG_ENABLE_MODULES = YES;
				CLANG_ENABLE_OBJC_ARC = YES;
				CLANG_ENABLE_OBJC_WEAK = YES;
				CLANG_WARN_BLOCK_CAPTURE_AUTORELEASING = YES;
				CLANG_WARN_BOOL_CONVERSION = YES;
				CLANG_WARN_COMMA = YES;
				CLANG_WARN_CONSTANT_CONVERSION = YES;
				CLANG_WARN_DEPRECATED_OBJC_IMPLEMENTATIONS = YES;
				CLANG_WARN_DIRECT_OBJC_ISA_USAGE = YES_ERROR;
				CLANG_WARN_DOCUMENTATION_COMMENTS = YES;
				CLANG_WARN_EMPTY_BODY = YES;
				CLANG_WARN_ENUM_CONVERSION = YES;
				CLANG_WARN_INFINITE_RECURSION = YES;
				CLANG_WARN_INT_CONVERSION = YES;
				CLANG_WARN_NON_LITERAL_NULL_CONVERSION = YES;
				CLANG_WARN_OBJC_IMPLICIT_RETAIN_SELF = YES;
				CLANG_WARN_OBJC_LITERAL_CONVERSION = YES;
				CLANG_WARN_OBJC_ROOT_CLASS = YES_ERROR;
				CLANG_WARN_QUOTED_INCLUDE_IN_FRAMEWORK_HEADER = YES;
				CLANG_WARN_RANGE_LOOP_ANALYSIS = YES;
				CLANG_WARN_STRICT_PROTOTYPES = YES;
				CLANG_WARN_SUSPICIOUS_MOVE = YES;
				CLANG_WARN_UNGUARDED_AVAILABILITY = YES_AGGRESSIVE;
				CLANG_WARN_UNREACHABLE_CODE = YES;
				CLANG_WARN__DUPLICATE_METHOD_MATCH = YES;
				COPY_PHASE_STRIP = NO;
				DEBUG_INFORMATION_FORMAT = dwarf;
				ENABLE_STRICT_OBJC_MSGSEND = YES;
				ENABLE_TESTABILITY = YES;
				GCC_C_LANGUAGE_STANDARD = gnu11;
				GCC_DYNAMIC_NO_PIC = NO;
				GCC_NO_COMMON_BLOCKS = YES;
				GCC_OPTIMIZATION_LEVEL = 0;
				GCC_PREPROCESSOR_DEFINITIONS = (
					"DEBUG=1",
					"$(inherited)",
				);
				GCC_WARN_64_TO_32_BIT_CONVERSION = YES;
				GCC_WARN_ABOUT_RETURN_TYPE = YES_ERROR;
				GCC_WARN_UNDECLARED_SELECTOR = YES;
				GCC_WARN_UNINITIALIZED_AUTOS = YES_AGGRESSIVE;
				GCC_WARN_UNUSED_FUNCTION = YES;
				GCC_WARN_UNUSED_VARIABLE = YES;
				IPHONEOS_DEPLOYMENT_TARGET = 14.0;
				MTL_ENABLE_DEBUG_INFO = INCLUDE_SOURCE;
				MTL_FAST_MATH = YES;
				ONLY_ACTIVE_ARCH = YES;
				SDKROOT = iphoneos;
				SWIFT_ACTIVE_COMPILATION_CONDITIONS = DEBUG;
				SWIFT_OPTIMIZATION_LEVEL = "-Onone";
			};
			name = Debug;
		};
		27379D7824801723001B01F7 /* Release */ = {
			isa = XCBuildConfiguration;
			buildSettings = {
				ALWAYS_SEARCH_USER_PATHS = NO;
				CLANG_ANALYZER_LOCALIZABILITY_NONLOCALIZED = YES;
				CLANG_ANALYZER_NONNULL = YES;
				CLANG_ANALYZER_NUMBER_OBJECT_CONVERSION = YES_AGGRESSIVE;
				CLANG_CXX_LANGUAGE_STANDARD = "gnu++14";
				CLANG_CXX_LIBRARY = "libc++";
				CLANG_ENABLE_MODULES = YES;
				CLANG_ENABLE_OBJC_ARC = YES;
				CLANG_ENABLE_OBJC_WEAK = YES;
				CLANG_WARN_BLOCK_CAPTURE_AUTORELEASING = YES;
				CLANG_WARN_BOOL_CONVERSION = YES;
				CLANG_WARN_COMMA = YES;
				CLANG_WARN_CONSTANT_CONVERSION = YES;
				CLANG_WARN_DEPRECATED_OBJC_IMPLEMENTATIONS = YES;
				CLANG_WARN_DIRECT_OBJC_ISA_USAGE = YES_ERROR;
				CLANG_WARN_DOCUMENTATION_COMMENTS = YES;
				CLANG_WARN_EMPTY_BODY = YES;
				CLANG_WARN_ENUM_CONVERSION = YES;
				CLANG_WARN_INFINITE_RECURSION = YES;
				CLANG_WARN_INT_CONVERSION = YES;
				CLANG_WARN_NON_LITERAL_NULL_CONVERSION = YES;
				CLANG_WARN_OBJC_IMPLICIT_RETAIN_SELF = YES;
				CLANG_WARN_OBJC_LITERAL_CONVERSION = YES;
				CLANG_WARN_OBJC_ROOT_CLASS = YES_ERROR;
				CLANG_WARN_QUOTED_INCLUDE_IN_FRAMEWORK_HEADER = YES;
				CLANG_WARN_RANGE_LOOP_ANALYSIS = YES;
				CLANG_WARN_STRICT_PROTOTYPES = YES;
				CLANG_WARN_SUSPICIOUS_MOVE = YES;
				CLANG_WARN_UNGUARDED_AVAILABILITY = YES_AGGRESSIVE;
				CLANG_WARN_UNREACHABLE_CODE = YES;
				CLANG_WARN__DUPLICATE_METHOD_MATCH = YES;
				COPY_PHASE_STRIP = NO;
				DEBUG_INFORMATION_FORMAT = "dwarf-with-dsym";
				ENABLE_NS_ASSERTIONS = NO;
				ENABLE_STRICT_OBJC_MSGSEND = YES;
				GCC_C_LANGUAGE_STANDARD = gnu11;
				GCC_NO_COMMON_BLOCKS = YES;
				GCC_WARN_64_TO_32_BIT_CONVERSION = YES;
				GCC_WARN_ABOUT_RETURN_TYPE = YES_ERROR;
				GCC_WARN_UNDECLARED_SELECTOR = YES;
				GCC_WARN_UNINITIALIZED_AUTOS = YES_AGGRESSIVE;
				GCC_WARN_UNUSED_FUNCTION = YES;
				GCC_WARN_UNUSED_VARIABLE = YES;
				IPHONEOS_DEPLOYMENT_TARGET = 14.0;
				MTL_ENABLE_DEBUG_INFO = NO;
				MTL_FAST_MATH = YES;
				SDKROOT = iphoneos;
				SWIFT_COMPILATION_MODE = wholemodule;
				SWIFT_OPTIMIZATION_LEVEL = "-O";
				VALIDATE_PRODUCT = YES;
			};
			name = Release;
		};
		27379D7A24801723001B01F7 /* Debug */ = {
			isa = XCBuildConfiguration;
			buildSettings = {
				ASSETCATALOG_COMPILER_APPICON_NAME = Icon;
				CODE_SIGN_STYLE = Automatic;
				CURRENT_PROJECT_VERSION = 436;
				DEVELOPMENT_ASSET_PATHS = "\"Abfahrten/Preview Content\"";
				DEVELOPMENT_TEAM = 8BYRL5LF6J;
				ENABLE_PREVIEWS = YES;
				INFOPLIST_FILE = Abfahrten/Info.plist;
				LD_RUNPATH_SEARCH_PATHS = (
					"$(inherited)",
					"@executable_path/Frameworks",
				);
				MARKETING_VERSION = 2.0.3;
				PRODUCT_BUNDLE_IDENTIFIER = com.yannikbloscheck.Abfahrten;
				PRODUCT_NAME = "$(TARGET_NAME)";
				SWIFT_VERSION = 5.0;
				TARGETED_DEVICE_FAMILY = "1,2";
			};
			name = Debug;
		};
		27379D7B24801723001B01F7 /* Release */ = {
			isa = XCBuildConfiguration;
			buildSettings = {
				ASSETCATALOG_COMPILER_APPICON_NAME = Icon;
				CODE_SIGN_STYLE = Automatic;
				CURRENT_PROJECT_VERSION = 436;
				DEVELOPMENT_ASSET_PATHS = "\"Abfahrten/Preview Content\"";
				DEVELOPMENT_TEAM = 8BYRL5LF6J;
				ENABLE_PREVIEWS = YES;
				INFOPLIST_FILE = Abfahrten/Info.plist;
				LD_RUNPATH_SEARCH_PATHS = (
					"$(inherited)",
					"@executable_path/Frameworks",
				);
				MARKETING_VERSION = 2.0.3;
				PRODUCT_BUNDLE_IDENTIFIER = com.yannikbloscheck.Abfahrten;
				PRODUCT_NAME = "$(TARGET_NAME)";
				SWIFT_VERSION = 5.0;
				TARGETED_DEVICE_FAMILY = "1,2";
			};
			name = Release;
		};
/* End XCBuildConfiguration section */

/* Begin XCConfigurationList section */
		27379D6024801721001B01F7 /* Build configuration list for PBXProject "Abfahrten" */ = {
			isa = XCConfigurationList;
			buildConfigurations = (
				27379D7724801723001B01F7 /* Debug */,
				27379D7824801723001B01F7 /* Release */,
			);
			defaultConfigurationIsVisible = 0;
			defaultConfigurationName = Release;
		};
		27379D7924801723001B01F7 /* Build configuration list for PBXNativeTarget "Abfahrten" */ = {
			isa = XCConfigurationList;
			buildConfigurations = (
				27379D7A24801723001B01F7 /* Debug */,
				27379D7B24801723001B01F7 /* Release */,
			);
			defaultConfigurationIsVisible = 0;
			defaultConfigurationName = Release;
		};
/* End XCConfigurationList section */
	};
	rootObject = 27379D5D24801721001B01F7 /* Project object */;
}
